
Microsoft Visual Studio Solution File, Format Version 12.00
# Visual Studio Version 17
VisualStudioVersion = 17.4.33213.308
MinimumVisualStudioVersion = 10.0.40219.1
Project("{FAE04EC0-301F-11D3-BF4B-00C04F79EFBC}") = "Week7-Functions", "Week6-Functions\Week7-Functions.csproj", "{2908F440-85C0-461A-AC9F-2F6889AB0213}"
EndProject
Global
	GlobalSection(SolutionConfigurationPlatforms) = preSolution
		Debug|Any CPU = Debug|Any CPU
		Release|Any CPU = Release|Any CPU
	EndGlobalSection
	GlobalSection(ProjectConfigurationPlatforms) = postSolution
		{2908F440-85C0-461A-AC9F-2F6889AB0213}.Debug|Any CPU.ActiveCfg = Debug|Any CPU
		{2908F440-85C0-461A-AC9F-2F6889AB0213}.Debug|Any CPU.Build.0 = Debug|Any CPU
		{2908F440-85C0-461A-AC9F-2F6889AB0213}.Release|Any CPU.ActiveCfg = Release|Any CPU
		{2908F440-85C0-461A-AC9F-2F6889AB0213}.Release|Any CPU.Build.0 = Release|Any CPU
	EndGlobalSection
	GlobalSection(SolutionProperties) = preSolution
		HideSolutionNode = FALSE
	EndGlobalSection
	GlobalSection(ExtensibilityGlobals) = postSolution
		SolutionGuid = {9C4E759D-F4FE-4136-8546-4035A13A3B67}
	EndGlobalSection
EndGlobal
